
Microsoft Visual Studio Solution File, Format Version 12.00
# Visual Studio Version 17
VisualStudioVersion = 17.0.31903.59
MinimumVisualStudioVersion = 10.0.40219.1
Project("{FAE04EC0-301F-11D3-BF4B-00C04F79EFBC}") = "EShopApi", "EShopApi\EShopApi.csproj", "{8EA4EE3B-57A2-4019-8A43-6CC343F3AEF5}"
EndProject
Global
	GlobalSection(SolutionConfigurationPlatforms) = preSolution
		Debug|Any CPU = Debug|Any CPU
		Release|Any CPU = Release|Any CPU
	EndGlobalSection
	GlobalSection(ProjectConfigurationPlatforms) = postSolution
		{8EA4EE3B-57A2-4019-8A43-6CC343F3AEF5}.Debug|Any CPU.ActiveCfg = Debug|Any CPU
		{8EA4EE3B-57A2-4019-8A43-6CC343F3AEF5}.Debug|Any CPU.Build.0 = Debug|Any CPU
		{8EA4EE3B-57A2-4019-8A43-6CC343F3AEF5}.Release|Any CPU.ActiveCfg = Release|Any CPU
		{8EA4EE3B-57A2-4019-8A43-6CC343F3AEF5}.Release|Any CPU.Build.0 = Release|Any CPU
	EndGlobalSection
	GlobalSection(SolutionProperties) = preSolution
		HideSolutionNode = FALSE
	EndGlobalSection
	GlobalSection(ExtensibilityGlobals) = postSolution
		SolutionGuid = {02F96C29-E911-472A-8B74-63597B204A5C}
	EndGlobalSection
EndGlobal
